
Microsoft Visual Studio Solution File, Format Version 12.00
# Visual Studio 15
Project("{FAE04EC0-301F-11D3-BF4B-00C04F79EFBC}") = "PhotonVoice.API", "PhotonVoice.API.csproj", "{31F74D04-9FBC-AF61-4120-7197E4E0EBCA}"
EndProject
Project("{FAE04EC0-301F-11D3-BF4B-00C04F79EFBC}") = "PhotonRealtime", "PhotonRealtime.csproj", "{68BB7601-D79B-E63A-1118-30CE740BC32C}"
EndProject
Project("{FAE04EC0-301F-11D3-BF4B-00C04F79EFBC}") = "Assembly-CSharp", "Assembly-CSharp.csproj", "{0FE68FFB-514F-22E3-9322-6B815F81AC5A}"
EndProject
Project("{FAE04EC0-301F-11D3-BF4B-00C04F79EFBC}") = "PhotonUnityNetworking.Editor", "PhotonUnityNetworking.Editor.csproj", "{9BFD87B1-11AB-89E4-5074-881337EA89AF}"
EndProject
Project("{FAE04EC0-301F-11D3-BF4B-00C04F79EFBC}") = "PhotonUnityNetworking", "PhotonUnityNetworking.csproj", "{B076F04A-A7A7-C103-3018-C1CA5D913F73}"
EndProject
Project("{FAE04EC0-301F-11D3-BF4B-00C04F79EFBC}") = "PhotonUnityNetworking.Demos", "PhotonUnityNetworking.Demos.csproj", "{36113A28-69C1-5B02-8429-26D224DE2E96}"
EndProject
Project("{FAE04EC0-301F-11D3-BF4B-00C04F79EFBC}") = "PhotonVoice.PUN.Editor", "PhotonVoice.PUN.Editor.csproj", "{7CAD4BF0-41DD-FE9C-BC1F-7A2082A6DCD8}"
EndProject
Project("{FAE04EC0-301F-11D3-BF4B-00C04F79EFBC}") = "PhotonVoice", "PhotonVoice.csproj", "{CAC0B86D-377B-6EBE-E41D-60EC955E8D97}"
EndProject
Project("{FAE04EC0-301F-11D3-BF4B-00C04F79EFBC}") = "PhotonUnityNetworking.Utilities", "PhotonUnityNetworking.Utilities.csproj", "{06496B1C-2FA6-1692-5006-233C5F6725DC}"
EndProject
Project("{FAE04EC0-301F-11D3-BF4B-00C04F79EFBC}") = "Assembly-CSharp-Editor", "Assembly-CSharp-Editor.csproj", "{40EE08A0-BCD8-D80F-70B6-D9FA9CE4ED2F}"
EndProject
Project("{FAE04EC0-301F-11D3-BF4B-00C04F79EFBC}") = "PunDemos.DemoHubEditor", "PunDemos.DemoHubEditor.csproj", "{F45CF901-49DB-45C6-FBDE-4A2D1579FB20}"
EndProject
Project("{FAE04EC0-301F-11D3-BF4B-00C04F79EFBC}") = "PunDemos.DemoSlotcarEditor", "PunDemos.DemoSlotcarEditor.csproj", "{305C5B40-0E13-94A2-633B-20C316364EE1}"
EndProject
Project("{FAE04EC0-301F-11D3-BF4B-00C04F79EFBC}") = "PhotonChat", "PhotonChat.csproj", "{AE461C17-7C97-D41E-B3C5-C6D9287F9369}"
EndProject
Project("{FAE04EC0-301F-11D3-BF4B-00C04F79EFBC}") = "MicAmplifierEditor.Editor", "MicAmplifierEditor.Editor.csproj", "{2D8DFD61-131D-814E-50F7-0E12D18DC9E0}"
EndProject
Project("{FAE04EC0-301F-11D3-BF4B-00C04F79EFBC}") = "PhotonUnityNetworking.Utilities.PhotonPlayer.Editor", "PhotonUnityNetworking.Utilities.PhotonPlayer.Editor.csproj", "{3640BE0A-2B64-A138-76D9-862B9381543C}"
EndProject
Project("{FAE04EC0-301F-11D3-BF4B-00C04F79EFBC}") = "PhotonVoice.PUN", "PhotonVoice.PUN.csproj", "{A940E242-8090-9B3A-E363-E36C710A5914}"
EndProject
Project("{FAE04EC0-301F-11D3-BF4B-00C04F79EFBC}") = "Voice.FMOD.Editor", "Voice.FMOD.Editor.csproj", "{64AAEF29-2262-B6AB-0F29-EFFA48285AF0}"
EndProject
Project("{FAE04EC0-301F-11D3-BF4B-00C04F79EFBC}") = "PhotonVoice.Editor", "PhotonVoice.Editor.csproj", "{2D222518-6B61-AA7D-6B41-C488E5ED1D1C}"
EndProject
Project("{FAE04EC0-301F-11D3-BF4B-00C04F79EFBC}") = "PhotonVoice.Utilities.Editor", "PhotonVoice.Utilities.Editor.csproj", "{D6000CE5-B7A7-31DA-8DF1-D59E21353A3D}"
EndProject
Project("{FAE04EC0-301F-11D3-BF4B-00C04F79EFBC}") = "PhotonUnityNetworking.Utilities.Culling.Editor", "PhotonUnityNetworking.Utilities.Culling.Editor.csproj", "{27DBFA3F-EAC1-F78F-53C5-4C651E573773}"
EndProject
Global
	GlobalSection(SolutionConfigurationPlatforms) = preSolution
		Debug|Any CPU = Debug|Any CPU
		Release|Any CPU = Release|Any CPU
	EndGlobalSection
	GlobalSection(ProjectConfigurationPlatforms) = postSolution
		{31F74D04-9FBC-AF61-4120-7197E4E0EBCA}.Debug|Any CPU.ActiveCfg = Debug|Any CPU
		{31F74D04-9FBC-AF61-4120-7197E4E0EBCA}.Debug|Any CPU.Build.0 = Debug|Any CPU
		{31F74D04-9FBC-AF61-4120-7197E4E0EBCA}.Release|Any CPU.ActiveCfg = Release|Any CPU
		{31F74D04-9FBC-AF61-4120-7197E4E0EBCA}.Release|Any CPU.Build.0 = Release|Any CPU
		{68BB7601-D79B-E63A-1118-30CE740BC32C}.Debug|Any CPU.ActiveCfg = Debug|Any CPU
		{68BB7601-D79B-E63A-1118-30CE740BC32C}.Debug|Any CPU.Build.0 = Debug|Any CPU
		{68BB7601-D79B-E63A-1118-30CE740BC32C}.Release|Any CPU.ActiveCfg = Release|Any CPU
		{68BB7601-D79B-E63A-1118-30CE740BC32C}.Release|Any CPU.Build.0 = Release|Any CPU
		{0FE68FFB-514F-22E3-9322-6B815F81AC5A}.Debug|Any CPU.ActiveCfg = Debug|Any CPU
		{0FE68FFB-514F-22E3-9322-6B815F81AC5A}.Debug|Any CPU.Build.0 = Debug|Any CPU
		{0FE68FFB-514F-22E3-9322-6B815F81AC5A}.Release|Any CPU.ActiveCfg = Release|Any CPU
		{0FE68FFB-514F-22E3-9322-6B815F81AC5A}.Release|Any CPU.Build.0 = Release|Any CPU
		{9BFD87B1-11AB-89E4-5074-881337EA89AF}.Debug|Any CPU.ActiveCfg = Debug|Any CPU
		{9BFD87B1-11AB-89E4-5074-881337EA89AF}.Debug|Any CPU.Build.0 = Debug|Any CPU
		{9BFD87B1-11AB-89E4-5074-881337EA89AF}.Release|Any CPU.ActiveCfg = Release|Any CPU
		{9BFD87B1-11AB-89E4-5074-881337EA89AF}.Release|Any CPU.Build.0 = Release|Any CPU
		{B076F04A-A7A7-C103-3018-C1CA5D913F73}.Debug|Any CPU.ActiveCfg = Debug|Any CPU
		{B076F04A-A7A7-C103-3018-C1CA5D913F73}.Debug|Any CPU.Build.0 = Debug|Any CPU
		{B076F04A-A7A7-C103-3018-C1CA5D913F73}.Release|Any CPU.ActiveCfg = Release|Any CPU
		{B076F04A-A7A7-C103-3018-C1CA5D913F73}.Release|Any CPU.Build.0 = Release|Any CPU
		{36113A28-69C1-5B02-8429-26D224DE2E96}.Debug|Any CPU.ActiveCfg = Debug|Any CPU
		{36113A28-69C1-5B02-8429-26D224DE2E96}.Debug|Any CPU.Build.0 = Debug|Any CPU
		{36113A28-69C1-5B02-8429-26D224DE2E96}.Release|Any CPU.ActiveCfg = Release|Any CPU
		{36113A28-69C1-5B02-8429-26D224DE2E96}.Release|Any CPU.Build.0 = Release|Any CPU
		{7CAD4BF0-41DD-FE9C-BC1F-7A2082A6DCD8}.Debug|Any CPU.ActiveCfg = Debug|Any CPU
		{7CAD4BF0-41DD-FE9C-BC1F-7A2082A6DCD8}.Debug|Any CPU.Build.0 = Debug|Any CPU
		{7CAD4BF0-41DD-FE9C-BC1F-7A2082A6DCD8}.Release|Any CPU.ActiveCfg = Release|Any CPU
		{7CAD4BF0-41DD-FE9C-BC1F-7A2082A6DCD8}.Release|Any CPU.Build.0 = Release|Any CPU
		{CAC0B86D-377B-6EBE-E41D-60EC955E8D97}.Debug|Any CPU.ActiveCfg = Debug|Any CPU
		{CAC0B86D-377B-6EBE-E41D-60EC955E8D97}.Debug|Any CPU.Build.0 = Debug|Any CPU
		{CAC0B86D-377B-6EBE-E41D-60EC955E8D97}.Release|Any CPU.ActiveCfg = Release|Any CPU
		{CAC0B86D-377B-6EBE-E41D-60EC955E8D97}.Release|Any CPU.Build.0 = Release|Any CPU
		{06496B1C-2FA6-1692-5006-233C5F6725DC}.Debug|Any CPU.ActiveCfg = Debug|Any CPU
		{06496B1C-2FA6-1692-5006-233C5F6725DC}.Debug|Any CPU.Build.0 = Debug|Any CPU
		{06496B1C-2FA6-1692-5006-233C5F6725DC}.Release|Any CPU.ActiveCfg = Release|Any CPU
		{06496B1C-2FA6-1692-5006-233C5F6725DC}.Release|Any CPU.Build.0 = Release|Any CPU
		{40EE08A0-BCD8-D80F-70B6-D9FA9CE4ED2F}.Debug|Any CPU.ActiveCfg = Debug|Any CPU
		{40EE08A0-BCD8-D80F-70B6-D9FA9CE4ED2F}.Debug|Any CPU.Build.0 = Debug|Any CPU
		{40EE08A0-BCD8-D80F-70B6-D9FA9CE4ED2F}.Release|Any CPU.ActiveCfg = Release|Any CPU
		{40EE08A0-BCD8-D80F-70B6-D9FA9CE4ED2F}.Release|Any CPU.Build.0 = Release|Any CPU
		{F45CF901-49DB-45C6-FBDE-4A2D1579FB20}.Debug|Any CPU.ActiveCfg = Debug|Any CPU
		{F45CF901-49DB-45C6-FBDE-4A2D1579FB20}.Debug|Any CPU.Build.0 = Debug|Any CPU
		{F45CF901-49DB-45C6-FBDE-4A2D1579FB20}.Release|Any CPU.ActiveCfg = Release|Any CPU
		{F45CF901-49DB-45C6-FBDE-4A2D1579FB20}.Release|Any CPU.Build.0 = Release|Any CPU
		{305C5B40-0E13-94A2-633B-20C316364EE1}.Debug|Any CPU.ActiveCfg = Debug|Any CPU
		{305C5B40-0E13-94A2-633B-20C316364EE1}.Debug|Any CPU.Build.0 = Debug|Any CPU
		{305C5B40-0E13-94A2-633B-20C316364EE1}.Release|Any CPU.ActiveCfg = Release|Any CPU
		{305C5B40-0E13-94A2-633B-20C316364EE1}.Release|Any CPU.Build.0 = Release|Any CPU
		{AE461C17-7C97-D41E-B3C5-C6D9287F9369}.Debug|Any CPU.ActiveCfg = Debug|Any CPU
		{AE461C17-7C97-D41E-B3C5-C6D9287F9369}.Debug|Any CPU.Build.0 = Debug|Any CPU
		{AE461C17-7C97-D41E-B3C5-C6D9287F9369}.Release|Any CPU.ActiveCfg = Release|Any CPU
		{AE461C17-7C97-D41E-B3C5-C6D9287F9369}.Release|Any CPU.Build.0 = Release|Any CPU
		{2D8DFD61-131D-814E-50F7-0E12D18DC9E0}.Debug|Any CPU.ActiveCfg = Debug|Any CPU
		{2D8DFD61-131D-814E-50F7-0E12D18DC9E0}.Debug|Any CPU.Build.0 = Debug|Any CPU
		{2D8DFD61-131D-814E-50F7-0E12D18DC9E0}.Release|Any CPU.ActiveCfg = Release|Any CPU
		{2D8DFD61-131D-814E-50F7-0E12D18DC9E0}.Release|Any CPU.Build.0 = Release|Any CPU
		{3640BE0A-2B64-A138-76D9-862B9381543C}.Debug|Any CPU.ActiveCfg = Debug|Any CPU
		{3640BE0A-2B64-A138-76D9-862B9381543C}.Debug|Any CPU.Build.0 = Debug|Any CPU
		{3640BE0A-2B64-A138-76D9-862B9381543C}.Release|Any CPU.ActiveCfg = Release|Any CPU
		{3640BE0A-2B64-A138-76D9-862B9381543C}.Release|Any CPU.Build.0 = Release|Any CPU
		{A940E242-8090-9B3A-E363-E36C710A5914}.Debug|Any CPU.ActiveCfg = Debug|Any CPU
		{A940E242-8090-9B3A-E363-E36C710A5914}.Debug|Any CPU.Build.0 = Debug|Any CPU
		{A940E242-8090-9B3A-E363-E36C710A5914}.Release|Any CPU.ActiveCfg = Release|Any CPU
		{A940E242-8090-9B3A-E363-E36C710A5914}.Release|Any CPU.Build.0 = Release|Any CPU
		{64AAEF29-2262-B6AB-0F29-EFFA48285AF0}.Debug|Any CPU.ActiveCfg = Debug|Any CPU
		{64AAEF29-2262-B6AB-0F29-EFFA48285AF0}.Debug|Any CPU.Build.0 = Debug|Any CPU
		{64AAEF29-2262-B6AB-0F29-EFFA48285AF0}.Release|Any CPU.ActiveCfg = Release|Any CPU
		{64AAEF29-2262-B6AB-0F29-EFFA48285AF0}.Release|Any CPU.Build.0 = Release|Any CPU
		{2D222518-6B61-AA7D-6B41-C488E5ED1D1C}.Debug|Any CPU.ActiveCfg = Debug|Any CPU
		{2D222518-6B61-AA7D-6B41-C488E5ED1D1C}.Debug|Any CPU.Build.0 = Debug|Any CPU
		{2D222518-6B61-AA7D-6B41-C488E5ED1D1C}.Release|Any CPU.ActiveCfg = Release|Any CPU
		{2D222518-6B61-AA7D-6B41-C488E5ED1D1C}.Release|Any CPU.Build.0 = Release|Any CPU
		{D6000CE5-B7A7-31DA-8DF1-D59E21353A3D}.Debug|Any CPU.ActiveCfg = Debug|Any CPU
		{D6000CE5-B7A7-31DA-8DF1-D59E21353A3D}.Debug|Any CPU.Build.0 = Debug|Any CPU
		{D6000CE5-B7A7-31DA-8DF1-D59E21353A3D}.Release|Any CPU.ActiveCfg = Release|Any CPU
		{D6000CE5-B7A7-31DA-8DF1-D59E21353A3D}.Release|Any CPU.Build.0 = Release|Any CPU
		{27DBFA3F-EAC1-F78F-53C5-4C651E573773}.Debug|Any CPU.ActiveCfg = Debug|Any CPU
		{27DBFA3F-EAC1-F78F-53C5-4C651E573773}.Debug|Any CPU.Build.0 = Debug|Any CPU
		{27DBFA3F-EAC1-F78F-53C5-4C651E573773}.Release|Any CPU.ActiveCfg = Release|Any CPU
		{27DBFA3F-EAC1-F78F-53C5-4C651E573773}.Release|Any CPU.Build.0 = Release|Any CPU
	EndGlobalSection
	GlobalSection(SolutionProperties) = preSolution
		HideSolutionNode = FALSE
	EndGlobalSection
EndGlobal
